{
  "name": "typescript-style-guide-skills",
  "lockfileVersion": 3,
  "requires": true,
  "packages": {
    "": {
      "name": "typescript-style-guide-skills",
      "devDependencies": {
        "@openai/codex-sdk": "0.149.1",
        "@types/node": "26.2.0"
      }
    },
    "node_modules/@openai/codex": {
      "version": "0.149.1",
      "resolved": "https://registry.npmjs.org/@openai/codex/-/codex-0.149.1.tgz",
      "integrity": "sha512-6q5pbcpFbJbqOpkubSDBwXmktQ55aD8eUzGzBF1zASob2DjwhBKDSNGtdZKalfrNJUdTDTPDMmzCXEXs5tMBYA==",
      "dev": true,
      "license": "Apache-2.0",
      "bin": {
        "codex": "bin/codex.js"
      },
      "engines": {
        "node": ">=16"
      },
      "optionalDependencies": {
        "@openai/codex-darwin-arm64": "npm:@openai/codex@0.149.1-darwin-arm64",
        "@openai/codex-darwin-x64": "npm:@openai/codex@0.149.1-darwin-x64",
        "@openai/codex-linux-arm64": "npm:@openai/codex@0.149.1-linux-arm64",
        "@openai/codex-linux-x64": "npm:@openai/codex@0.149.1-linux-x64",
        "@openai/codex-win32-arm64": "npm:@openai/codex@0.149.1-win32-arm64",
        "@openai/codex-win32-x64": "npm:@openai/codex@0.149.1-win32-x64"
      }
    },
    "node_modules/@openai/codex-darwin-arm64": {
      "name": "@openai/codex",
      "version": "0.149.1-darwin-arm64",
      "resolved": "https://registry.npmjs.org/@openai/codex/-/codex-0.149.1-darwin-arm64.tgz",
      "integrity": "sha512-6X84kTCbnTgPIJ2EdcPsrvwS0Wxsqpa+bCswGmRf4BjhcQ5nPMnBC6yCAaCMj+vrbXQHj+L6sa9FaR4QkmA1qw==",
      "cpu": [
        "arm64"
      ],
      "dev": true,
      "license": "Apache-2.0",
      "optional": true,
      "os": [
        "darwin"
      ],
      "engines": {
        "node": ">=16"
      }
    },
    "node_modules/@openai/codex-darwin-x64": {
      "name": "@openai/codex",
      "version": "0.149.1-darwin-x64",
      "resolved": "https://registry.npmjs.org/@openai/codex/-/codex-0.149.1-darwin-x64.tgz",
      "integrity": "sha512-MfLBQLfcElJL9tvj6y45qVHHMGSXCPnQOixuD3/Zq0g1BW/eFizkrGLdn48cFpc+l8cK+gt5nYG5pQYwVs6g4A==",
      "cpu": [
        "x64"
      ],
      "dev": true,
      "license": "Apache-2.0",
      "optional": true,
      "os": [
        "darwin"
      ],
      "engines": {
        "node": ">=16"
      }
    },
    "node_modules/@openai/codex-linux-arm64": {
      "name": "@openai/codex",
      "version": "0.149.1-linux-arm64",
      "resolved": "https://registry.npmjs.org/@openai/codex/-/codex-0.149.1-linux-arm64.tgz",
      "integrity": "sha512-OqxUfZ1TVvHd18zHPKK/8ZRlpk8Vy11mg5CMHaLxNWldTbwVImDKtSLWT+m8m4NM5Sz4PbjtZMrVT/RfpBW/mQ==",
      "cpu": [
        "arm64"
      ],
      "dev": true,
      "license": "Apache-2.0",
      "optional": true,
      "os": [
        "linux"
      ],
      "engines": {
        "node": ">=16"
      }
    },
    "node_modules/@openai/codex-linux-x64": {
      "name": "@openai/codex",
      "version": "0.149.1-linux-x64",
      "resolved": "https://registry.npmjs.org/@openai/codex/-/codex-0.149.1-linux-x64.tgz",
      "integrity": "sha512-Of5fGYgr7tAMsyj6vhXb4/RM/UoA3Zq8BLegUBDC09UNy1XTLGYP/2XD+UX8z3qh0NDwxYdCjFIWdDNijKZggQ==",
      "cpu": [
        "x64"
      ],
      "dev": true,
      "license": "Apache-2.0",
      "optional": true,
      "os": [
        "linux"
      ],
      "engines": {
        "node": ">=16"
      }
    },
    "node_modules/@openai/codex-sdk": {
      "version": "0.149.1",
      "resolved": "https://registry.npmjs.org/@openai/codex-sdk/-/codex-sdk-0.149.1.tgz",
      "integrity": "sha512-R00Rz5327LefZggAxl28r7vFQq1vxa91OxtjZJOsQfAM/MyH8InW5qwwRu6pzUmRGp1E29XrOzm7u1TeV5Yz2A==",
      "dev": true,
      "license": "Apache-2.0",
      "dependencies": {
        "@openai/codex": "0.149.1"
      },
      "engines": {
        "node": ">=18"
      }
    },
    "node_modules/@openai/codex-win32-arm64": {
      "name": "@openai/codex",
      "version": "0.149.1-win32-arm64",
      "resolved": "https://registry.npmjs.org/@openai/codex/-/codex-0.149.1-win32-arm64.tgz",
      "integrity": "sha512-5K0DmOKGK9Bos627p8sK8ATHjovPK0sDyT6h9Cb+4v+5CW5SGw1HLgjGxoLfJ8g3cg6mtg/pRCXXo2L/j71UVA==",
      "cpu": [
        "arm64"
      ],
      "dev": true,
      "license": "Apache-2.0",
      "optional": true,
      "os": [
        "win32"
      ],
      "engines": {
        "node": ">=16"
      }
    },
    "node_modules/@openai/codex-win32-x64": {
      "name": "@openai/codex",
      "version": "0.149.1-win32-x64",
      "resolved": "https://registry.npmjs.org/@openai/codex/-/codex-0.149.1-win32-x64.tgz",
      "integrity": "sha512-G3QXGAg7nyyhqOeooAMUekBCeHd8a1QByhKcVAFyzNBaI06t6Ft7nsF+1SzFS0spuIdU4YyMi5YD26ukADBQUQ==",
      "cpu": [
        "x64"
      ],
      "dev": true,
      "license": "Apache-2.0",
      "optional": true,
      "os": [
        "win32"
      ],
      "engines": {
        "node": ">=16"
      }
    },
    "node_modules/@types/node": {
      "version": "26.2.0",
      "resolved": "https://registry.npmjs.org/@types/node/-/node-26.2.0.tgz",
      "integrity": "sha512-5IviulTZeRNp2vAJ514cc/HUlY5nZ9fCbq9DMyC52BrhFZACo3nI0R7qBxhQmo/d27NFe96ur/b7Wwxklda+kg==",
      "dev": true,
      "license": "MIT",
      "dependencies": {
        "undici-types": "~8.3.0"
      }
    },
    "node_modules/undici-types": {
      "version": "8.3.0",
      "resolved": "https://registry.npmjs.org/undici-types/-/undici-types-8.3.0.tgz",
      "integrity": "sha512-j375ScV60dom+YkPFIfTLcOiPxkN/buHz5GobjLhixFuANaNs3C9l4GmrWqejgXWJ7BbJcFYpTEUkS1Ge8bpZQ==",
      "dev": true,
      "license": "MIT"
    }
  }
}
