{
  "name": "typescript-style-guide-skills",
  "lockfileVersion": 3,
  "requires": true,
  "packages": {
    "": {
      "name": "typescript-style-guide-skills",
      "devDependencies": {
        "@openai/codex-sdk": "0.150.1",
        "@types/node": "26.4.0",
        "typescript": "6.0.3"
      },
      "engines": {
        "node": ">=26.8.1"
      }
    },
    "node_modules/@openai/codex": {
      "version": "0.150.1",
      "resolved": "https://registry.npmjs.org/@openai/codex/-/codex-0.150.1.tgz",
      "integrity": "sha512-knrbhpJH3mEULAVStcZW4F5WEt9MQhBj6KFOonBSIUGTLcHlu9CE7FRmr95E33y94+sWNZSeVBBV/kYvlfgxkQ==",
      "dev": true,
      "license": "Apache-2.0",
      "bin": {
        "codex": "bin/codex.js"
      },
      "engines": {
        "node": ">=16"
      },
      "optionalDependencies": {
        "@openai/codex-darwin-arm64": "npm:@openai/codex@0.150.1-darwin-arm64",
        "@openai/codex-darwin-x64": "npm:@openai/codex@0.150.1-darwin-x64",
        "@openai/codex-linux-arm64": "npm:@openai/codex@0.150.1-linux-arm64",
        "@openai/codex-linux-x64": "npm:@openai/codex@0.150.1-linux-x64",
        "@openai/codex-win32-arm64": "npm:@openai/codex@0.150.1-win32-arm64",
        "@openai/codex-win32-x64": "npm:@openai/codex@0.150.1-win32-x64"
      }
    },
    "node_modules/@openai/codex-darwin-arm64": {
      "name": "@openai/codex",
      "version": "0.150.1-darwin-arm64",
      "resolved": "https://registry.npmjs.org/@openai/codex/-/codex-0.150.1-darwin-arm64.tgz",
      "integrity": "sha512-Z614kKSI3/p+YMotBJMxCc4kvRCYEgsVmnaCG6U8HDraqTFxYcQYQ79B4/GBCBS88/KtacHI6qzjA+4Mu5BynA==",
      "cpu": [
        "arm64"
      ],
      "dev": true,
      "license": "Apache-2.0",
      "optional": true,
      "os": [
        "darwin"
      ],
      "engines": {
        "node": ">=16"
      }
    },
    "node_modules/@openai/codex-darwin-x64": {
      "name": "@openai/codex",
      "version": "0.150.1-darwin-x64",
      "resolved": "https://registry.npmjs.org/@openai/codex/-/codex-0.150.1-darwin-x64.tgz",
      "integrity": "sha512-vcvJ7Q4IP2vA5ZR3v9Pj9VLKtlhD7efujxHqqW/NJ8F2/XqTD4iPjErV07190Om3wONW48yploTgul16QUk9Mg==",
      "cpu": [
        "x64"
      ],
      "dev": true,
      "license": "Apache-2.0",
      "optional": true,
      "os": [
        "darwin"
      ],
      "engines": {
        "node": ">=16"
      }
    },
    "node_modules/@openai/codex-linux-arm64": {
      "name": "@openai/codex",
      "version": "0.150.1-linux-arm64",
      "resolved": "https://registry.npmjs.org/@openai/codex/-/codex-0.150.1-linux-arm64.tgz",
      "integrity": "sha512-U0BY5UDsCy1up/O2YzGtVtDbcumNerVyZVVx55PW9gGQsFOL0utOyBJiG/UiocFAXix8JNvNJxYMRt2Jx0FJKg==",
      "cpu": [
        "arm64"
      ],
      "dev": true,
      "license": "Apache-2.0",
      "optional": true,
      "os": [
        "linux"
      ],
      "engines": {
        "node": ">=16"
      }
    },
    "node_modules/@openai/codex-linux-x64": {
      "name": "@openai/codex",
      "version": "0.150.1-linux-x64",
      "resolved": "https://registry.npmjs.org/@openai/codex/-/codex-0.150.1-linux-x64.tgz",
      "integrity": "sha512-B3Bu5MF/G9qFhbSMrdyZz9ocknXOo45DnOdWrREJaxWTjiuUO1ogoDR0/ttdc29JRFkbbXs3aC+Td8vIx3X0oA==",
      "cpu": [
        "x64"
      ],
      "dev": true,
      "license": "Apache-2.0",
      "optional": true,
      "os": [
        "linux"
      ],
      "engines": {
        "node": ">=16"
      }
    },
    "node_modules/@openai/codex-sdk": {
      "version": "0.150.1",
      "resolved": "https://registry.npmjs.org/@openai/codex-sdk/-/codex-sdk-0.150.1.tgz",
      "integrity": "sha512-/Xp8CM2POoXcZd7MZ+07oXstAgNvflr0Mj7IUPKhyv1HAzaqoedv6PAcgJPUyiNU0vi1lfbkgcJU5QC+lxspSw==",
      "dev": true,
      "license": "Apache-2.0",
      "dependencies": {
        "@openai/codex": "0.150.1"
      },
      "engines": {
        "node": ">=18"
      }
    },
    "node_modules/@openai/codex-win32-arm64": {
      "name": "@openai/codex",
      "version": "0.150.1-win32-arm64",
      "resolved": "https://registry.npmjs.org/@openai/codex/-/codex-0.150.1-win32-arm64.tgz",
      "integrity": "sha512-8I7N3ppKS1ql9GUr2RHS5Gw+KkRCKfIMIDDK/brxq6HizLgHoDK4CIR0OTvEgdX3Yh/2reBbxr9P4L1e+61e+Q==",
      "cpu": [
        "arm64"
      ],
      "dev": true,
      "license": "Apache-2.0",
      "optional": true,
      "os": [
        "win32"
      ],
      "engines": {
        "node": ">=16"
      }
    },
    "node_modules/@openai/codex-win32-x64": {
      "name": "@openai/codex",
      "version": "0.150.1-win32-x64",
      "resolved": "https://registry.npmjs.org/@openai/codex/-/codex-0.150.1-win32-x64.tgz",
      "integrity": "sha512-1P1tscFnw4A4ip/WN1R5WYPdfuAlxLctPpcE1QAPQnOtbkJR5NX8da4kNTQmiDN/Flx3TLJPDTRHP9Jn435eJg==",
      "cpu": [
        "x64"
      ],
      "dev": true,
      "license": "Apache-2.0",
      "optional": true,
      "os": [
        "win32"
      ],
      "engines": {
        "node": ">=16"
      }
    },
    "node_modules/@types/node": {
      "version": "26.4.0",
      "resolved": "https://registry.npmjs.org/@types/node/-/node-26.4.0.tgz",
      "integrity": "sha512-faiGnoIrLH/V8cibOMEAZ8pMw6oXqSukl29ra4mN8GdaB2ZewzeaLj+INpV5N+Z1eKWzY+IzaIZH2EIR6YZRNQ==",
      "dev": true,
      "license": "MIT",
      "dependencies": {
        "undici-types": "~8.3.0"
      }
    },
    "node_modules/typescript": {
      "version": "6.0.3",
      "resolved": "https://registry.npmjs.org/typescript/-/typescript-6.0.3.tgz",
      "integrity": "sha512-y2TvuxSZPDyQakkFRPZHKFm+KKVqIisdg9/CZwm9ftvKXLP8NRWj38/ODjNbr43SsoXqNuAisEf1GdCxqWcdBw==",
      "dev": true,
      "license": "Apache-2.0",
      "bin": {
        "tsc": "bin/tsc",
        "tsserver": "bin/tsserver"
      },
      "engines": {
        "node": ">=14.17"
      }
    },
    "node_modules/undici-types": {
      "version": "8.3.0",
      "resolved": "https://registry.npmjs.org/undici-types/-/undici-types-8.3.0.tgz",
      "integrity": "sha512-j375ScV60dom+YkPFIfTLcOiPxkN/buHz5GobjLhixFuANaNs3C9l4GmrWqejgXWJ7BbJcFYpTEUkS1Ge8bpZQ==",
      "dev": true,
      "license": "MIT"
    }
  }
}
