{
  "name": "typescript-style-guide-skills",
  "lockfileVersion": 3,
  "requires": true,
  "packages": {
    "": {
      "name": "typescript-style-guide-skills",
      "devDependencies": {
        "@openai/codex-sdk": "0.153.0",
        "@types/node": "26.4.1",
        "typescript": "6.0.3"
      },
      "engines": {
        "node": ">=26.8.1"
      }
    },
    "node_modules/@openai/codex": {
      "version": "0.153.0",
      "resolved": "https://registry.npmjs.org/@openai/codex/-/codex-0.153.0.tgz",
      "integrity": "sha512-k55kUZaclNi5ceUStSVuyW834ruA6AEdzTK7Xi3M1mOyXokUmq1sJLXm1RJ3XD2S7bRPeF1EXNsYB5Qxwus0mw==",
      "dev": true,
      "license": "Apache-2.0",
      "bin": {
        "codex": "bin/codex.js"
      },
      "engines": {
        "node": ">=16"
      },
      "optionalDependencies": {
        "@openai/codex-darwin-arm64": "npm:@openai/codex@0.153.0-darwin-arm64",
        "@openai/codex-darwin-x64": "npm:@openai/codex@0.153.0-darwin-x64",
        "@openai/codex-linux-arm64": "npm:@openai/codex@0.153.0-linux-arm64",
        "@openai/codex-linux-x64": "npm:@openai/codex@0.153.0-linux-x64",
        "@openai/codex-win32-arm64": "npm:@openai/codex@0.153.0-win32-arm64",
        "@openai/codex-win32-x64": "npm:@openai/codex@0.153.0-win32-x64"
      }
    },
    "node_modules/@openai/codex-darwin-arm64": {
      "name": "@openai/codex",
      "version": "0.153.0-darwin-arm64",
      "resolved": "https://registry.npmjs.org/@openai/codex/-/codex-0.153.0-darwin-arm64.tgz",
      "integrity": "sha512-C9F3HVEYekVJC3WhiGSztcxItWBwd7Y6hTWoDqa9Z9aLWsYywzqChABB59n7G5F5jCil9wxW3+u2L6uiVUydmw==",
      "cpu": [
        "arm64"
      ],
      "dev": true,
      "license": "Apache-2.0",
      "optional": true,
      "os": [
        "darwin"
      ],
      "engines": {
        "node": ">=16"
      }
    },
    "node_modules/@openai/codex-darwin-x64": {
      "name": "@openai/codex",
      "version": "0.153.0-darwin-x64",
      "resolved": "https://registry.npmjs.org/@openai/codex/-/codex-0.153.0-darwin-x64.tgz",
      "integrity": "sha512-DO5u+X/eL8pObrV0WDErOjS9DeuDvVuOL5oHR5y5Yklp0NGoGj3oOHsmaSXjGesiIiu3IX8l4pzS6dbeQXJAvQ==",
      "cpu": [
        "x64"
      ],
      "dev": true,
      "license": "Apache-2.0",
      "optional": true,
      "os": [
        "darwin"
      ],
      "engines": {
        "node": ">=16"
      }
    },
    "node_modules/@openai/codex-linux-arm64": {
      "name": "@openai/codex",
      "version": "0.153.0-linux-arm64",
      "resolved": "https://registry.npmjs.org/@openai/codex/-/codex-0.153.0-linux-arm64.tgz",
      "integrity": "sha512-N2zLgmuslhMoC2RFC2aDkcCWk3iapZmBlSiESpjXFF+UMNxIpNxWJ5qQtQrCp5Md7kYbF4/EFy8RqJ8tL8UTeA==",
      "cpu": [
        "arm64"
      ],
      "dev": true,
      "license": "Apache-2.0",
      "optional": true,
      "os": [
        "linux"
      ],
      "engines": {
        "node": ">=16"
      }
    },
    "node_modules/@openai/codex-linux-x64": {
      "name": "@openai/codex",
      "version": "0.153.0-linux-x64",
      "resolved": "https://registry.npmjs.org/@openai/codex/-/codex-0.153.0-linux-x64.tgz",
      "integrity": "sha512-sFF+g7p1o6sZVL6PHd9JTYrP2j3xao3Qeu5AngcrD5brWrCc+w9ifBJCJuRSM728WfgjXML9PQPdHPaZSeHAEA==",
      "cpu": [
        "x64"
      ],
      "dev": true,
      "license": "Apache-2.0",
      "optional": true,
      "os": [
        "linux"
      ],
      "engines": {
        "node": ">=16"
      }
    },
    "node_modules/@openai/codex-sdk": {
      "version": "0.153.0",
      "resolved": "https://registry.npmjs.org/@openai/codex-sdk/-/codex-sdk-0.153.0.tgz",
      "integrity": "sha512-60D0LTPVczybWn4Db4Hk8uMRkBYex45MKax1PLrF/sqFRe/5oaZ+QykyGT9VCPnIbontMf5x7F7EqpEjRa6wug==",
      "dev": true,
      "license": "Apache-2.0",
      "dependencies": {
        "@openai/codex": "0.153.0"
      },
      "engines": {
        "node": ">=18"
      }
    },
    "node_modules/@openai/codex-win32-arm64": {
      "name": "@openai/codex",
      "version": "0.153.0-win32-arm64",
      "resolved": "https://registry.npmjs.org/@openai/codex/-/codex-0.153.0-win32-arm64.tgz",
      "integrity": "sha512-Ro+/2oAQnOObxuw3hpr+anv+j9hFmql/2iDxd7v0m46ctZy8x6ygW/Ud4f9CB1UXlRRsDhW+Tu9UAd5X9vTL1g==",
      "cpu": [
        "arm64"
      ],
      "dev": true,
      "license": "Apache-2.0",
      "optional": true,
      "os": [
        "win32"
      ],
      "engines": {
        "node": ">=16"
      }
    },
    "node_modules/@openai/codex-win32-x64": {
      "name": "@openai/codex",
      "version": "0.153.0-win32-x64",
      "resolved": "https://registry.npmjs.org/@openai/codex/-/codex-0.153.0-win32-x64.tgz",
      "integrity": "sha512-eXvmitT1Hmr6d8n9r5HVjTuSgdHtxFSyXh0c3rRnaTcJA0ef8JnI5LY0TJci/QHYLNJGaEMBZ5R4dEdB2d87Lw==",
      "cpu": [
        "x64"
      ],
      "dev": true,
      "license": "Apache-2.0",
      "optional": true,
      "os": [
        "win32"
      ],
      "engines": {
        "node": ">=16"
      }
    },
    "node_modules/@types/node": {
      "version": "26.4.1",
      "resolved": "https://registry.npmjs.org/@types/node/-/node-26.4.1.tgz",
      "integrity": "sha512-k97ENvZWtvA6yqz5/FS6a7duDgOPEeOQOc2iKS/nY6mX6qJUKtLnWzQS+Xj6tXweyj6ZcTAK2Qecetnvi9nCLA==",
      "dev": true,
      "license": "MIT",
      "dependencies": {
        "undici-types": "~8.3.0"
      }
    },
    "node_modules/typescript": {
      "version": "6.0.3",
      "resolved": "https://registry.npmjs.org/typescript/-/typescript-6.0.3.tgz",
      "integrity": "sha512-y2TvuxSZPDyQakkFRPZHKFm+KKVqIisdg9/CZwm9ftvKXLP8NRWj38/ODjNbr43SsoXqNuAisEf1GdCxqWcdBw==",
      "dev": true,
      "license": "Apache-2.0",
      "bin": {
        "tsc": "bin/tsc",
        "tsserver": "bin/tsserver"
      },
      "engines": {
        "node": ">=14.17"
      }
    },
    "node_modules/undici-types": {
      "version": "8.3.0",
      "resolved": "https://registry.npmjs.org/undici-types/-/undici-types-8.3.0.tgz",
      "integrity": "sha512-j375ScV60dom+YkPFIfTLcOiPxkN/buHz5GobjLhixFuANaNs3C9l4GmrWqejgXWJ7BbJcFYpTEUkS1Ge8bpZQ==",
      "dev": true,
      "license": "MIT"
    }
  }
}
